{
  "name": "spermack",
  "version": "1.0.0",
  "lockfileVersion": 3,
  "requires": true,
  "packages": {
    "": {
      "name": "spermack",
      "version": "1.0.0",
      "license": "MIT",
      "dependencies": {
        "form-data": "^4.0.0",
        "formdata": "^0.10.4",
        "wc": "^0.0.1",
        "ws": "^8.13.0"
      }
    },
    "node_modules/asynckit": {
      "version": "0.4.0",
      "resolved": "https://registry.npmjs.org/asynckit/-/asynckit-0.4.0.tgz",
      "integrity": "sha512-Oei9OH4tRh0YqU3GxhX79dM/mwVgvbZJaSNaRk+bshkj0S5cfHcgYakreBjrHwatXKbz+IoIdYLxrKim2MjW0Q=="
    },
    "node_modules/bufferjs": {
      "version": "2.0.0",
      "resolved": "https://registry.npmjs.org/bufferjs/-/bufferjs-2.0.0.tgz",
      "integrity": "sha512-VnTCQKC+AJ61OFGe/hn3jRXoIt/B95NUcuxzAwiVT0PFB0KRZImkoDPYdFqDIs7xAs1eJ3yiKcHnuUiiYe7ucQ==",
      "engines": {
        "node": ">=0.2.0"
      }
    },
    "node_modules/combined-stream": {
      "version": "1.0.8",
      "resolved": "https://registry.npmjs.org/combined-stream/-/combined-stream-1.0.8.tgz",
      "integrity": "sha512-FQN4MRfuJeHf7cBbBMJFXhKSDq+2kAArBlmRBvcvFE5BB1HZKXtSFASDhdlz9zOYwxh8lDdnvmMOe/+5cdoEdg==",
      "dependencies": {
        "delayed-stream": "~1.0.0"
      },
      "engines": {
        "node": ">= 0.8"
      }
    },
    "node_modules/delayed-stream": {
      "version": "1.0.0",
      "resolved": "https://registry.npmjs.org/delayed-stream/-/delayed-stream-1.0.0.tgz",
      "integrity": "sha512-ZySD7Nf91aLB0RxL4KGrKHBXl7Eds1DAmEdcoVawXnLD7SDhpNgtuII2aAkg7a7QS41jxPSZ17p4VdGnMHk3MQ==",
      "engines": {
        "node": ">=0.4.0"
      }
    },
    "node_modules/File": {
      "version": "0.10.2",
      "resolved": "https://registry.npmjs.org/File/-/File-0.10.2.tgz",
      "integrity": "sha512-gomQVTq/10wIR399uhGTWtYcYneTXbfe3p2RO/NR0MPrLkIyOaE9DCEPXihAm+72epLtXaplitwfJ/wkmj88dg==",
      "dependencies": {
        "mime": ">= 0.0.0"
      }
    },
    "node_modules/FileList": {
      "version": "0.10.2",
      "resolved": "https://registry.npmjs.org/FileList/-/FileList-0.10.2.tgz",
      "integrity": "sha512-HCe9WvojxLiMEfa3l6jFkQJLzhzDXgQmfnKFoRvhEnsyVoIc5piAQNLyhOwsZsmf8IwDBfr5H71nB8Wi5w0XwA=="
    },
    "node_modules/filereader": {
      "version": "0.10.3",
      "resolved": "https://registry.npmjs.org/filereader/-/filereader-0.10.3.tgz",
      "integrity": "sha512-7F8w6GSXuHLN80ukaVOcHgBaiTRHUZr8GeEhNdqfAECcnBoROg4i8hTl+KqtF4yUPffOJVHEFg4iDJb7xIYFng=="
    },
    "node_modules/foreachasync": {
      "version": "3.0.0",
      "resolved": "https://registry.npmjs.org/foreachasync/-/foreachasync-3.0.0.tgz",
      "integrity": "sha512-J+ler7Ta54FwwNcx6wQRDhTIbNeyDcARMkOcguEqnEdtm0jKvN3Li3PDAb2Du3ubJYEWfYL83XMROXdsXAXycw=="
    },
    "node_modules/form-data": {
      "version": "4.0.0",
      "resolved": "https://registry.npmjs.org/form-data/-/form-data-4.0.0.tgz",
      "integrity": "sha512-ETEklSGi5t0QMZuiXoA/Q6vcnxcLQP5vdugSpuAyi6SVGi2clPPp+xgEhuMaHC+zGgn31Kd235W35f7Hykkaww==",
      "dependencies": {
        "asynckit": "^0.4.0",
        "combined-stream": "^1.0.8",
        "mime-types": "^2.1.12"
      },
      "engines": {
        "node": ">= 6"
      }
    },
    "node_modules/formdata": {
      "version": "0.10.4",
      "resolved": "https://registry.npmjs.org/formdata/-/formdata-0.10.4.tgz",
      "integrity": "sha512-IsHa+GYLLXHx0RmpUmzQTdwxDjNinxD+1zKOYPLaRwiqTfex5caQhOzgPIjFgJkL0O884Ers76BSHzXJxHvPLw==",
      "dependencies": {
        "bufferjs": "^2.0.0",
        "File": "^0.10.2",
        "FileList": "^0.10.2",
        "filereader": "^0.10.3",
        "foreachasync": "^3.0.0",
        "remedial": "^1.0.7"
      }
    },
    "node_modules/mime": {
      "version": "3.0.0",
      "resolved": "https://registry.npmjs.org/mime/-/mime-3.0.0.tgz",
      "integrity": "sha512-jSCU7/VB1loIWBZe14aEYHU/+1UMEHoaO7qxCOVJOw9GgH72VAWppxNcjU+x9a2k3GSIBXNKxXQFqRvvZ7vr3A==",
      "bin": {
        "mime": "cli.js"
      },
      "engines": {
        "node": ">=10.0.0"
      }
    },
    "node_modules/mime-db": {
      "version": "1.52.0",
      "resolved": "https://registry.npmjs.org/mime-db/-/mime-db-1.52.0.tgz",
      "integrity": "sha512-sPU4uV7dYlvtWJxwwxHD0PuihVNiE7TyAbQ5SWxDCB9mUYvOgroQOwYQQOKPJ8CIbE+1ETVlOoK1UC2nU3gYvg==",
      "engines": {
        "node": ">= 0.6"
      }
    },
    "node_modules/mime-types": {
      "version": "2.1.35",
      "resolved": "https://registry.npmjs.org/mime-types/-/mime-types-2.1.35.tgz",
      "integrity": "sha512-ZDY+bPm5zTTF+YpCrAU9nK0UgICYPT0QtT1NZWFv4s++TNkcgVaT0g6+4R2uI4MjQjzysHB1zxuWL50hzaeXiw==",
      "dependencies": {
        "mime-db": "1.52.0"
      },
      "engines": {
        "node": ">= 0.6"
      }
    },
    "node_modules/optimist": {
      "version": "0.1.7",
      "resolved": "https://registry.npmjs.org/optimist/-/optimist-0.1.7.tgz",
      "integrity": "sha512-EATRGYAtGNMwvv3d7jX3Rm95c5tBQTs5ZpKWXnjGqCVPDd44wwf70WHGn0AmpSgOz7D8ex+ABTibov7qKkuvCA==",
      "engines": {
        "node": "*"
      }
    },
    "node_modules/remedial": {
      "version": "1.0.8",
      "resolved": "https://registry.npmjs.org/remedial/-/remedial-1.0.8.tgz",
      "integrity": "sha512-/62tYiOe6DzS5BqVsNpH/nkGlX45C/Sp6V+NtiN6JQNS1Viay7cWkazmRkrQrdFj2eshDe96SIQNIoMxqhzBOg==",
      "engines": {
        "node": "*"
      }
    },
    "node_modules/wc": {
      "version": "0.0.1",
      "resolved": "https://registry.npmjs.org/wc/-/wc-0.0.1.tgz",
      "integrity": "sha512-rHdCYrpKU+jk1CUvp+93FVyV3M2iEj309WVsDv+/uIr2w9sjknWD72yEyjvgOP0B1BIOJ6+BsZTkS0YZSNwYQQ==",
      "dependencies": {
        "optimist": "0.1.7"
      },
      "engines": {
        "node": "*"
      }
    },
    "node_modules/ws": {
      "version": "8.13.0",
      "resolved": "https://registry.npmjs.org/ws/-/ws-8.13.0.tgz",
      "integrity": "sha512-x9vcZYTrFPC7aSIbj7sRCYo7L/Xb8Iy+pW0ng0wt2vCJv7M9HOMy0UoN3rr+IFC7hb7vXoqS+P9ktyLLLhO+LA==",
      "engines": {
        "node": ">=10.0.0"
      },
      "peerDependencies": {
        "bufferutil": "^4.0.1",
        "utf-8-validate": ">=5.0.2"
      },
      "peerDependenciesMeta": {
        "bufferutil": {
          "optional": true
        },
        "utf-8-validate": {
          "optional": true
        }
      }
    }
  }
}
